
Microsoft Visual Studio Solution File, Format Version 12.00
# Visual Studio Version 17
VisualStudioVersion = 17.7.34221.43
MinimumVisualStudioVersion = 10.0.40219.1
Project("{8BC9CEB8-8B4A-11D0-8D11-00A0C91BC942}") = "2DRenderer", "2DRenderer\2DRenderer.vcxproj", "{06A51462-DFDF-4AAD-9C4B-F087F556AE18}"
EndProject
Global
	GlobalSection(SolutionConfigurationPlatforms) = preSolution
		Debug|x64 = Debug|x64
		Debug|x86 = Debug|x86
		Release|x64 = Release|x64
		Release|x86 = Release|x86
	EndGlobalSection
	GlobalSection(ProjectConfigurationPlatforms) = postSolution
		{06A51462-DFDF-4AAD-9C4B-F087F556AE18}.Debug|x64.ActiveCfg = Debug|x64
		{06A51462-DFDF-4AAD-9C4B-F087F556AE18}.Debug|x64.Build.0 = Debug|x64
		{06A51462-DFDF-4AAD-9C4B-F087F556AE18}.Debug|x86.ActiveCfg = Debug|Win32
		{06A51462-DFDF-4AAD-9C4B-F087F556AE18}.Debug|x86.Build.0 = Debug|Win32
		{06A51462-DFDF-4AAD-9C4B-F087F556AE18}.Release|x64.ActiveCfg = Release|x64
		{06A51462-DFDF-4AAD-9C4B-F087F556AE18}.Release|x64.Build.0 = Release|x64
		{06A51462-DFDF-4AAD-9C4B-F087F556AE18}.Release|x86.ActiveCfg = Release|Win32
		{06A51462-DFDF-4AAD-9C4B-F087F556AE18}.Release|x86.Build.0 = Release|Win32
	EndGlobalSection
	GlobalSection(SolutionProperties) = preSolution
		HideSolutionNode = FALSE
	EndGlobalSection
	GlobalSection(ExtensibilityGlobals) = postSolution
		SolutionGuid = {AE39EC54-629A-4382-9846-20126DB7485A}
	EndGlobalSection
EndGlobal
